<?xml version="1.0" encoding="utf-8"?>
<Project xmlns="http://schemas.microsoft.com/developer/msbuild/2003" ToolsVersion="4.0">
  <ItemGroup>
    <Filter Include="Header Files">
      <UniqueIdentifier>{4D1BFFCC-9CEB-4ABF-A951-582870FE71FD}</UniqueIdentifier>
      <Extensions>h;hpp;hxx;hm;inl;inc;xsd</Extensions>
    </Filter>
    <Filter Include="Header Files\TouchGFX">
      <UniqueIdentifier>{29C60541-803D-4F43-8683-028D9DA5E0CB}</UniqueIdentifier>
    </Filter>
    <Filter Include="Header Files\TouchGFX\common">
      <UniqueIdentifier>{AF2BF67C-89EC-4545-B0D2-5BD6803628D4}</UniqueIdentifier>
    </Filter>
    <Filter Include="Header Files\TouchGFX\mvp">
      <UniqueIdentifier>{A8F51E02-A400-49F1-AC86-371872A7E5E6}</UniqueIdentifier>
    </Filter>
    <Filter Include="Header Files\TouchGFX\platform">
      <UniqueIdentifier>{493CF637-721C-4516-8638-3EE4790FB455}</UniqueIdentifier>
    </Filter>
    <Filter Include="Header Files\TouchGFX\touchgfx">
      <UniqueIdentifier>{7187028B-6482-4EB3-8556-EECD38E0636B}</UniqueIdentifier>
    </Filter>
    <Filter Include="Header Files\TouchGFX\platform\driver">
      <UniqueIdentifier>{D2E6B448-6B79-434F-A8EB-C8F8415957E9}</UniqueIdentifier>
    </Filter>
    <Filter Include="Header Files\TouchGFX\platform\hal">
      <UniqueIdentifier>{07737357-9365-4A8F-B2F6-908B5FC4E808}</UniqueIdentifier>
    </Filter>
    <Filter Include="Header Files\TouchGFX\touchgfx\canvas_widget_renderer">
      <UniqueIdentifier>{085B248B-6BE1-4BF8-9913-35526BAEE4C7}</UniqueIdentifier>
    </Filter>
    <Filter Include="Header Files\TouchGFX\touchgfx\containers">
      <UniqueIdentifier>{E08C6B18-2F0E-4861-87D5-80FB0411017E}</UniqueIdentifier>
    </Filter>
    <Filter Include="Header Files\TouchGFX\touchgfx\events">
      <UniqueIdentifier>{29D72404-E5CB-472C-B00F-3784DF3CCD1E}</UniqueIdentifier>
    </Filter>
    <Filter Include="Header Files\TouchGFX\touchgfx\hal">
      <UniqueIdentifier>{09561B72-532B-45EB-8E32-CAA31C349F83}</UniqueIdentifier>
    </Filter>
    <Filter Include="Header Files\TouchGFX\touchgfx\lcd">
      <UniqueIdentifier>{A89B6308-CBC1-48EC-BF14-B3C6106FACCE}</UniqueIdentifier>
    </Filter>
    <Filter Include="Header Files\TouchGFX\touchgfx\mixins">
      <UniqueIdentifier>{DB82A963-BE52-4494-BD5E-358C5E79C081}</UniqueIdentifier>
    </Filter>
    <Filter Include="Header Files\TouchGFX\touchgfx\transforms">
      <UniqueIdentifier>{509E01BB-FBF4-4198-B748-936C1B67839A}</UniqueIdentifier>
    </Filter>
    <Filter Include="Header Files\TouchGFX\touchgfx\transitions">
      <UniqueIdentifier>{3F023E56-225A-4D4C-9D20-74447A23BAD9}</UniqueIdentifier>
    </Filter>
    <Filter Include="Header Files\TouchGFX\touchgfx\widgets">
      <UniqueIdentifier>{0E9A8FD3-B71B-46B9-B1F6-3A18292FFAC4}</UniqueIdentifier>
    </Filter>
    <Filter Include="Header Files\TouchGFX\platform\driver\lcd">
      <UniqueIdentifier>{9B32A742-EBA9-4EBA-832E-0421D7E68BC5}</UniqueIdentifier>
    </Filter>
    <Filter Include="Header Files\TouchGFX\platform\driver\touch">
      <UniqueIdentifier>{8C31441B-2191-4B32-869D-7B253AECB28F}</UniqueIdentifier>
    </Filter>
    <Filter Include="Header Files\TouchGFX\platform\hal\simulator">
      <UniqueIdentifier>{464CC9FB-AFF6-4FFA-B4D8-BCAC4B2B8898}</UniqueIdentifier>
    </Filter>
    <Filter Include="Header Files\TouchGFX\touchgfx\containers\clock">
      <UniqueIdentifier>{B7237C13-DD69-4F78-8446-9A554431E3F8}</UniqueIdentifier>
    </Filter>
    <Filter Include="Header Files\TouchGFX\touchgfx\containers\progress_indicators">
      <UniqueIdentifier>{5E0E884F-0059-4306-94BA-3197219750E3}</UniqueIdentifier>
    </Filter>
    <Filter Include="Header Files\TouchGFX\touchgfx\widgets\canvas">
      <UniqueIdentifier>{DBFF640A-BD63-40BC-A0A5-2468BC461037}</UniqueIdentifier>
    </Filter>
    <Filter Include="Header Files\TouchGFX\platform\hal\simulator\sdl2">
      <UniqueIdentifier>{EA3962C0-553C-4CFD-A89B-A116A9493818}</UniqueIdentifier>
    </Filter>
    <Filter Include="Header Files\generated">
      <UniqueIdentifier>{29C60541-803D-4F44-8783-028D9DA5E0CC}</UniqueIdentifier>
    </Filter>
    <Filter Include="Header Files\generated\simulator">
      <UniqueIdentifier>{29C60541-803D-4F43-8683-028D9DA5E0CC}</UniqueIdentifier>
    </Filter>
    <Filter Include="Resource Files">
      <UniqueIdentifier>{92BBFF14-FBDB-4755-BA47-A830D863D92B}</UniqueIdentifier>
      <Extensions>rc;ico;cur;bmp;dlg;rc2;rct;bin;rgs;gif;jpg;jpeg;jpe;resx;tiff;tif;ttf;otf;bdf;png;wav;xml;props;mfcribbon-ms</Extensions>
    </Filter>
    <Filter Include="Resource Files\assets">
      <UniqueIdentifier>{AF899B0F-78BE-47F9-A912-E92CB9156E40}</UniqueIdentifier>
    </Filter>
    <Filter Include="Resource Files\config">
      <UniqueIdentifier>{29E8A9F8-6504-4625-AB47-671A3F665E51}</UniqueIdentifier>
    </Filter>
    <Filter Include="Resource Files\assets\texts">
      <UniqueIdentifier>{382278FD-2B19-4E89-AE4F-24AF77E7A270}</UniqueIdentifier>
    </Filter>
    <Filter Include="Resource Files\config\msvs">
      <UniqueIdentifier>{C24EAEDB-9A3F-43DC-87FB-C7AC2729A078}</UniqueIdentifier>
    </Filter>
    <Filter Include="Source Files">
      <UniqueIdentifier>{2F3FC0AA-97C4-4366-9939-94A0FF4E028C}</UniqueIdentifier>
      <Extensions>cpp;c;cc;cxx;def;odl;idl;hpj;bat;asm;asmx</Extensions>
    </Filter>
    <Filter Include="Source Files\TouchGFX">
      <UniqueIdentifier>{C07B02A9-A55E-47AA-AD61-59A6AAD754E6}</UniqueIdentifier>
    </Filter>
    <Filter Include="Source Files\TouchGFX\platform">
      <UniqueIdentifier>{33EDC2DB-AF72-480C-92E5-2A2833BCAB6F}</UniqueIdentifier>
    </Filter>
    <Filter Include="Source Files\TouchGFX\platform\driver">
      <UniqueIdentifier>{1D8EFD90-430A-4539-9080-16A38861D20A}</UniqueIdentifier>
    </Filter>
    <Filter Include="Source Files\TouchGFX\platform\hal">
      <UniqueIdentifier>{E8DECBF2-0C8E-4397-8603-3101D6F922D6}</UniqueIdentifier>
    </Filter>
    <Filter Include="Source Files\TouchGFX\platform\driver\touch">
      <UniqueIdentifier>{40F0D55D-79D9-488A-AF83-ADC96179EADF}</UniqueIdentifier>
    </Filter>
    <Filter Include="Source Files\TouchGFX\platform\hal\simulator">
      <UniqueIdentifier>{3FB50DD5-31DA-4042-B7FD-2151C58CDA80}</UniqueIdentifier>
    </Filter>
    <Filter Include="Source Files\TouchGFX\platform\hal\simulator\sdl2">
      <UniqueIdentifier>{B48CB42B-0F9E-4815-BFE1-1ACC1150ED8A}</UniqueIdentifier>
    </Filter>
    <Filter Include="Source Files\simulator">
      <UniqueIdentifier>{C07B03A9-A55E-47AA-AD61-59A6AAD754E6}</UniqueIdentifier>
    </Filter>
    <Filter Include="Source Files\generated">
      <UniqueIdentifier>{C07B02B9-A55E-47AB-AD61-59A6AAD754E6}</UniqueIdentifier>
    </Filter>
    <Filter Include="Source Files\generated\simulator">
      <UniqueIdentifier>{C07B02B9-A55E-47AA-AD61-59A6AAD754E6}</UniqueIdentifier>
    </Filter>
    <Filter Include="Header Files\gui">
      <UniqueIdentifier>95CEC257-B7A8-6DAD-4923-332B30E32DE2</UniqueIdentifier>
    </Filter>
    <Filter Include="Source Files\gui">
      <UniqueIdentifier>B4BFCB51-72E2-416B-3292-4FB6826BFD3C</UniqueIdentifier>
    </Filter>
    <Filter Include="Header Files\gui\model">
      <UniqueIdentifier>DBA8B44C-4C95-EC88-C971-50E20C2FD6F4</UniqueIdentifier>
    </Filter>
    <Filter Include="Source Files\gui\model">
      <UniqueIdentifier>1F355E35-6AC4-6B62-8523-8FDBC163A1A3</UniqueIdentifier>
    </Filter>
    <Filter Include="Header Files\generated\gui_generated">
      <UniqueIdentifier>06A322DE-B379-9578-7AB2-348492BA1872</UniqueIdentifier>
    </Filter>
    <Filter Include="Header Files\gui\common">
      <UniqueIdentifier>5B02EE8B-1BE7-F58C-9B2F-634FF49F144F</UniqueIdentifier>
    </Filter>
    <Filter Include="Source Files\generated\gui_generated">
      <UniqueIdentifier>2C04BC41-E79D-892F-1888-C5D9E29D699B</UniqueIdentifier>
    </Filter>
    <Filter Include="Source Files\gui\common">
      <UniqueIdentifier>31722E3A-3C73-83C9-D625-4B458819551F</UniqueIdentifier>
    </Filter>
    <Filter Include="Header Files\generated\simulator\include">
      <UniqueIdentifier>2D6E821E-434D-CB45-4E52-379A0D3D7548</UniqueIdentifier>
    </Filter>
    <Filter Include="Header Files\generated\gui_generated\common">
      <UniqueIdentifier>AEA8681D-04D1-B7E8-9AF1-10D460B3F412</UniqueIdentifier>
    </Filter>
    <Filter Include="Source Files\generated\gui_generated\common">
      <UniqueIdentifier>75635FF9-FD5F-97DD-B3B0-0020DC639657</UniqueIdentifier>
    </Filter>
    <Filter Include="Source Files\generated\simulator\video">
      <UniqueIdentifier>C9E57084-0950-F2A5-E429-8FF039A3285B</UniqueIdentifier>
    </Filter>
    <Filter Include="Header Files\generated\simulator\include\simulator">
      <UniqueIdentifier>675A8019-27CA-DA34-8E56-885AA6C38314</UniqueIdentifier>
    </Filter>
    <Filter Include="Header Files\generated\simulator\include\simulator\video">
      <UniqueIdentifier>444139EC-8726-CC7F-734A-9143FE5DE5CB</UniqueIdentifier>
    </Filter>
    <Filter Include="Header Files\gui\main_menu_screen">
      <UniqueIdentifier>773143D6-6FD7-19FA-C62E-5C4C1728B558</UniqueIdentifier>
    </Filter>
    <Filter Include="Source Files\gui\main_menu_screen">
      <UniqueIdentifier>E9760390-5D9F-18E1-A0FE-AD6AB9A5E0DC</UniqueIdentifier>
    </Filter>
    <Filter Include="Source Files\generated\gui_generated\main_menu_screen">
      <UniqueIdentifier>CF52911F-1CD1-48D2-696A-175CC2B662EA</UniqueIdentifier>
    </Filter>
    <Filter Include="Header Files\generated\gui_generated\main_menu_screen">
      <UniqueIdentifier>82404473-2F31-A557-8C30-21195A18B4FF</UniqueIdentifier>
    </Filter>
    <Filter Include="Header Files\gui\measurement_screen">
      <UniqueIdentifier>0FA3E0C8-4045-5F4C-5E47-74EE96528EF8</UniqueIdentifier>
    </Filter>
    <Filter Include="Source Files\gui\measurement_screen">
      <UniqueIdentifier>B7C5CB76-2108-84B8-73CF-D87C3FB45761</UniqueIdentifier>
    </Filter>
    <Filter Include="Header Files\generated\gui_generated\measurement_screen">
      <UniqueIdentifier>3F26A8A6-39DB-D812-1E5E-BBD52AEFCD10</UniqueIdentifier>
    </Filter>
    <Filter Include="Source Files\generated\gui_generated\measurement_screen">
      <UniqueIdentifier>CCB80793-11BE-B7C3-948D-E0DF0917BBA1</UniqueIdentifier>
    </Filter>
    <Filter Include="Header Files\gui\calibration_screen">
      <UniqueIdentifier>EA7ECFB0-FA2D-ED98-9BAE-D16BC44D4393</UniqueIdentifier>
    </Filter>
    <Filter Include="Source Files\gui\calibration_screen">
      <UniqueIdentifier>AE75DBEA-E8D9-63BB-9AD9-066950AF5E19</UniqueIdentifier>
    </Filter>
    <Filter Include="Source Files\generated\gui_generated\calibration_screen">
      <UniqueIdentifier>331EE5DD-A520-7DCE-94E8-88A6AAE49B89</UniqueIdentifier>
    </Filter>
    <Filter Include="Header Files\generated\gui_generated\calibration_screen">
      <UniqueIdentifier>59A1B7D8-A2CB-043F-C7BC-2733051C8AD6</UniqueIdentifier>
    </Filter>
    <Filter Include="Source Files\gui\project_info_screen">
      <UniqueIdentifier>18DEE30B-E229-9C41-9932-C6357DA473EC</UniqueIdentifier>
    </Filter>
    <Filter Include="Header Files\gui\project_info_screen">
      <UniqueIdentifier>5F174484-C07C-8F78-AC54-311F5541A896</UniqueIdentifier>
    </Filter>
    <Filter Include="Source Files\generated\gui_generated\project_info_screen">
      <UniqueIdentifier>8E2D919E-4A4F-2895-8B40-261630D4692D</UniqueIdentifier>
    </Filter>
    <Filter Include="Header Files\generated\gui_generated\project_info_screen">
      <UniqueIdentifier>9FBCB239-9061-E763-428B-6F921F5F5D1A</UniqueIdentifier>
    </Filter>
    <Filter Include="Header Files\gui\measurement_single_screen">
      <UniqueIdentifier>7B2E7C7C-24A5-5C86-D1A8-46C656171143</UniqueIdentifier>
    </Filter>
    <Filter Include="Source Files\gui\measurement_single_screen">
      <UniqueIdentifier>7A9B51E6-520A-B2D6-0F7C-3069296CEB13</UniqueIdentifier>
    </Filter>
    <Filter Include="Header Files\gui\measurement_accurate_screen">
      <UniqueIdentifier>5471ECAD-479B-C410-DE89-D5CBE6EF76C9</UniqueIdentifier>
    </Filter>
    <Filter Include="Source Files\gui\measurement_accurate_screen">
      <UniqueIdentifier>BDFFEA89-1828-BC94-8F81-BD6963F60937</UniqueIdentifier>
    </Filter>
    <Filter Include="Header Files\generated\gui_generated\measurement_single_screen">
      <UniqueIdentifier>141D1550-1501-0945-55ED-EA3FC8BBAFE0</UniqueIdentifier>
    </Filter>
    <Filter Include="Source Files\generated\gui_generated\measurement_single_screen">
      <UniqueIdentifier>C5943DDF-A238-1CAF-A28F-9C65AA5BC2E9</UniqueIdentifier>
    </Filter>
    <Filter Include="Header Files\generated\gui_generated\measurement_accurate_screen">
      <UniqueIdentifier>542FE1D2-F34E-4839-ABCA-54F0DFAD036F</UniqueIdentifier>
    </Filter>
    <Filter Include="Source Files\generated\gui_generated\measurement_accurate_screen">
      <UniqueIdentifier>97CFCB98-2187-5AF4-5877-69359BA0A2C6</UniqueIdentifier>
    </Filter>
    <Filter Include="Header Files\gui\measurement_accurate_display_screen">
      <UniqueIdentifier>B999E3E5-65DA-612F-2293-FC15526DC0E7</UniqueIdentifier>
    </Filter>
    <Filter Include="Source Files\gui\measurement_accurate_display_screen">
      <UniqueIdentifier>CA457BD0-6566-4358-618D-54090FDA73C4</UniqueIdentifier>
    </Filter>
    <Filter Include="Source Files\gui\measurement_single_display_3p_screen">
      <UniqueIdentifier>131D6CFD-F320-6BE0-D886-D4DAED24DE49</UniqueIdentifier>
    </Filter>
    <Filter Include="Header Files\gui\measurement_single_display_3p_screen">
      <UniqueIdentifier>8D8FBD8C-477D-1300-EEE9-8A4C403DE722</UniqueIdentifier>
    </Filter>
    <Filter Include="Header Files\gui\measurement_single_display_1p_screen">
      <UniqueIdentifier>24AC7F1B-3DD8-0A88-0440-49AC1F5FB067</UniqueIdentifier>
    </Filter>
    <Filter Include="Source Files\gui\measurement_single_display_1p_screen">
      <UniqueIdentifier>B136ED14-5D3C-937D-8247-2D35CF035800</UniqueIdentifier>
    </Filter>
    <Filter Include="Header Files\generated\gui_generated\measurement_single_display_3p_screen">
      <UniqueIdentifier>88B9BF73-E3E7-4F96-89B0-56B0A8039AE5</UniqueIdentifier>
    </Filter>
    <Filter Include="Source Files\generated\gui_generated\measurement_single_display_3p_screen">
      <UniqueIdentifier>B8E06548-36E5-264C-E644-69E146443852</UniqueIdentifier>
    </Filter>
    <Filter Include="Header Files\generated\gui_generated\measurement_single_display_1p_screen">
      <UniqueIdentifier>7C2FC54D-C01C-EFDE-49A2-3A8181EF441F</UniqueIdentifier>
    </Filter>
    <Filter Include="Source Files\generated\gui_generated\measurement_single_display_1p_screen">
      <UniqueIdentifier>8ABC12E4-140C-09F9-64F3-868CC676EC55</UniqueIdentifier>
    </Filter>
    <Filter Include="Header Files\gui\shutting_off_screen">
      <UniqueIdentifier>8E613535-82D6-3335-55CD-4F8873989209</UniqueIdentifier>
    </Filter>
    <Filter Include="Source Files\gui\shutting_off_screen">
      <UniqueIdentifier>39C9E21D-D486-36EE-5C8F-214BEECDA0C3</UniqueIdentifier>
    </Filter>
    <Filter Include="Source Files\generated\gui_generated\shutting_off_screen">
      <UniqueIdentifier>88BAE33B-ABBA-FA7B-4610-2AF24D528773</UniqueIdentifier>
    </Filter>
    <Filter Include="Header Files\generated\gui_generated\shutting_off_screen">
      <UniqueIdentifier>7BBA086E-523F-F5EC-A666-0D5AE28FBF6C</UniqueIdentifier>
    </Filter>
    <Filter Include="Header Files\gui\containers">
      <UniqueIdentifier>316B2208-BB49-ADA1-660E-BC69D7FD2450</UniqueIdentifier>
    </Filter>
    <Filter Include="Header Files\generated\gui_generated\containers">
      <UniqueIdentifier>88EA31DD-FE2C-BC8D-5EA1-243BA3C1CDCE</UniqueIdentifier>
    </Filter>
    <Filter Include="Source Files\generated\gui_generated\containers">
      <UniqueIdentifier>01BFB43B-2FA5-53E6-3D0C-974F351DA20F</UniqueIdentifier>
    </Filter>
    <Filter Include="Source Files\generated\gui_generated\measurement_accurate_display_screen">
      <UniqueIdentifier>988648CA-6294-8750-7D44-BDF366C24B18</UniqueIdentifier>
    </Filter>
    <Filter Include="Header Files\generated\gui_generated\measurement_accurate_display_screen">
      <UniqueIdentifier>CCAEFD04-BD48-E631-149A-BFCD926B4DAE</UniqueIdentifier>
    </Filter>
    <Filter Include="Header Files\gui\measurement_accurate_display_2_screen">
      <UniqueIdentifier>F21D2C19-3B0E-1F07-A280-FE39D28E6D87</UniqueIdentifier>
    </Filter>
    <Filter Include="Source Files\gui\measurement_accurate_display_2_screen">
      <UniqueIdentifier>75D2EC35-2D67-8149-50D3-AFBDBE283349</UniqueIdentifier>
    </Filter>
    <Filter Include="Source Files\generated\gui_generated\measurement_accurate_display_2_screen">
      <UniqueIdentifier>A5BC7B9B-2D3B-68B1-EF1E-3F4B7599B506</UniqueIdentifier>
    </Filter>
    <Filter Include="Header Files\generated\gui_generated\measurement_accurate_display_2_screen">
      <UniqueIdentifier>0AB130A6-9443-8306-F8DD-F27717B86674</UniqueIdentifier>
    </Filter>
    <Filter Include="Header Files\gui\calibration_pad_screen">
      <UniqueIdentifier>79BC4665-29E4-5402-94E4-E6D94983F744</UniqueIdentifier>
    </Filter>
    <Filter Include="Source Files\gui\calibration_pad_screen">
      <UniqueIdentifier>E6BE811D-0272-7F27-AD11-57580B9F3E10</UniqueIdentifier>
    </Filter>
    <Filter Include="Source Files\generated\gui_generated\calibration_pad_screen">
      <UniqueIdentifier>A7D38FEC-1625-AF14-7A5D-3629817E0E3F</UniqueIdentifier>
    </Filter>
    <Filter Include="Header Files\generated\gui_generated\calibration_pad_screen">
      <UniqueIdentifier>5D447F6F-3A9C-F5F5-5100-6523D4A5C745</UniqueIdentifier>
    </Filter>
    <Filter Include="Source Files\gui\calibration_hall_screen">
      <UniqueIdentifier>55EDFC6F-5A88-06A6-E777-7DB5EE5A2BF6</UniqueIdentifier>
    </Filter>
    <Filter Include="Header Files\gui\calibration_hall_screen">
      <UniqueIdentifier>21988B69-CCDC-6A25-2141-0C6D905C43D9</UniqueIdentifier>
    </Filter>
    <Filter Include="Header Files\generated\gui_generated\calibration_hall_screen">
      <UniqueIdentifier>FD102B79-04E4-AC7A-C9FF-D08A1D524292</UniqueIdentifier>
    </Filter>
    <Filter Include="Source Files\generated\gui_generated\calibration_hall_screen">
      <UniqueIdentifier>3464C759-A451-4529-418C-A83CDB99A696</UniqueIdentifier>
    </Filter>
  </ItemGroup>
  <ItemGroup>
    <ClCompile Include="$(TouchGFXReleasePath)\framework\source\platform\driver\touch\SDL2TouchController.cpp">
      <Filter>Source Files\TouchGFX\platform\driver\touch</Filter>
    </ClCompile>
    <ClCompile Include="$(TouchGFXReleasePath)\framework\source\platform\hal\simulator\sdl2\HALSDL2.cpp">
      <Filter>Source Files\TouchGFX\platform\hal\simulator\sdl2</Filter>
    </ClCompile>
    <ClCompile Include="$(TouchGFXReleasePath)\framework\source\platform\hal\simulator\sdl2\HALSDL2_icon.cpp">
      <Filter>Source Files\TouchGFX\platform\hal\simulator\sdl2</Filter>
    </ClCompile>
    <ClCompile Include="$(TouchGFXReleasePath)\framework\source\platform\hal\simulator\sdl2\OSWrappers.cpp">
      <Filter>Source Files\TouchGFX\platform\hal\simulator\sdl2</Filter>
    </ClCompile>
    <ClCompile Include="$(ApplicationRoot)\simulator\main.cpp">
      <Filter>Source Files\simulator</Filter>
    </ClCompile>
    <ClCompile Include="$(ApplicationRoot)\generated\simulator\src\mainBase.cpp">
      <Filter>Source Files\generated\simulator</Filter>
    </ClCompile>
    <ClCompile Include="..\..\gui\src\common\FrontendApplication.cpp">
      <Filter>Source Files\gui\common</Filter>
    </ClCompile>
    <ClCompile Include="..\..\generated\gui_generated\src\common\FrontendApplicationBase.cpp">
      <Filter>Source Files\generated\gui_generated\common</Filter>
    </ClCompile>
    <ClCompile Include="..\..\gui\src\model\Model.cpp">
      <Filter>Source Files\gui\model</Filter>
    </ClCompile>
    <ClCompile Include="..\..\generated\simulator\src\video\SoftwareMJPEGDecoder.cpp">
      <Filter>Source Files\generated\simulator\video</Filter>
    </ClCompile>
    <ClCompile Include="..\..\gui\src\main_menu_screen\Main_MenuPresenter.cpp">
      <Filter>Source Files\gui\main_menu_screen</Filter>
    </ClCompile>
    <ClCompile Include="..\..\gui\src\main_menu_screen\Main_MenuView.cpp">
      <Filter>Source Files\gui\main_menu_screen</Filter>
    </ClCompile>
    <ClCompile Include="..\..\generated\gui_generated\src\main_menu_screen\Main_MenuViewBase.cpp">
      <Filter>Source Files\generated\gui_generated\main_menu_screen</Filter>
    </ClCompile>
    <ClCompile Include="..\..\gui\src\measurement_screen\MeasurementPresenter.cpp">
      <Filter>Source Files\gui\measurement_screen</Filter>
    </ClCompile>
    <ClCompile Include="..\..\gui\src\measurement_screen\MeasurementView.cpp">
      <Filter>Source Files\gui\measurement_screen</Filter>
    </ClCompile>
    <ClCompile Include="..\..\generated\gui_generated\src\measurement_screen\MeasurementViewBase.cpp">
      <Filter>Source Files\generated\gui_generated\measurement_screen</Filter>
    </ClCompile>
    <ClCompile Include="..\..\gui\src\calibration_screen\CalibrationPresenter.cpp">
      <Filter>Source Files\gui\calibration_screen</Filter>
    </ClCompile>
    <ClCompile Include="..\..\gui\src\calibration_screen\CalibrationView.cpp">
      <Filter>Source Files\gui\calibration_screen</Filter>
    </ClCompile>
    <ClCompile Include="..\..\generated\gui_generated\src\calibration_screen\CalibrationViewBase.cpp">
      <Filter>Source Files\generated\gui_generated\calibration_screen</Filter>
    </ClCompile>
    <ClCompile Include="..\..\gui\src\project_info_screen\Project_InfoPresenter.cpp">
      <Filter>Source Files\gui\project_info_screen</Filter>
    </ClCompile>
    <ClCompile Include="..\..\gui\src\project_info_screen\Project_InfoView.cpp">
      <Filter>Source Files\gui\project_info_screen</Filter>
    </ClCompile>
    <ClCompile Include="..\..\generated\gui_generated\src\project_info_screen\Project_InfoViewBase.cpp">
      <Filter>Source Files\generated\gui_generated\project_info_screen</Filter>
    </ClCompile>
    <ClCompile Include="..\..\gui\src\measurement_accurate_screen\Measurement_AccuratePresenter.cpp">
      <Filter>Source Files\gui\measurement_accurate_screen</Filter>
    </ClCompile>
    <ClCompile Include="..\..\gui\src\measurement_accurate_screen\Measurement_AccurateView.cpp">
      <Filter>Source Files\gui\measurement_accurate_screen</Filter>
    </ClCompile>
    <ClCompile Include="..\..\generated\gui_generated\src\measurement_accurate_screen\Measurement_AccurateViewBase.cpp">
      <Filter>Source Files\generated\gui_generated\measurement_accurate_screen</Filter>
    </ClCompile>
    <ClCompile Include="..\..\gui\src\measurement_single_screen\Measurement_SinglePresenter.cpp">
      <Filter>Source Files\gui\measurement_single_screen</Filter>
    </ClCompile>
    <ClCompile Include="..\..\gui\src\measurement_single_screen\Measurement_SingleView.cpp">
      <Filter>Source Files\gui\measurement_single_screen</Filter>
    </ClCompile>
    <ClCompile Include="..\..\generated\gui_generated\src\measurement_single_screen\Measurement_SingleViewBase.cpp">
      <Filter>Source Files\generated\gui_generated\measurement_single_screen</Filter>
    </ClCompile>
    <ClCompile Include="..\..\gui\src\measurement_accurate_display_screen\Measurement_Accurate_DisplayPresenter.cpp">
      <Filter>Source Files\gui\measurement_accurate_display_screen</Filter>
    </ClCompile>
    <ClCompile Include="..\..\gui\src\measurement_single_display_1p_screen\Measurement_Single_Display_1PPresenter.cpp">
      <Filter>Source Files\gui\measurement_single_display_1p_screen</Filter>
    </ClCompile>
    <ClCompile Include="..\..\gui\src\measurement_single_display_1p_screen\Measurement_Single_Display_1PView.cpp">
      <Filter>Source Files\gui\measurement_single_display_1p_screen</Filter>
    </ClCompile>
    <ClCompile Include="..\..\generated\gui_generated\src\measurement_single_display_1p_screen\Measurement_Single_Display_1PViewBase.cpp">
      <Filter>Source Files\generated\gui_generated\measurement_single_display_1p_screen</Filter>
    </ClCompile>
    <ClCompile Include="..\..\gui\src\measurement_single_display_3p_screen\Measurement_Single_Display_3PPresenter.cpp">
      <Filter>Source Files\gui\measurement_single_display_3p_screen</Filter>
    </ClCompile>
    <ClCompile Include="..\..\gui\src\measurement_single_display_3p_screen\Measurement_Single_Display_3PView.cpp">
      <Filter>Source Files\gui\measurement_single_display_3p_screen</Filter>
    </ClCompile>
    <ClCompile Include="..\..\generated\gui_generated\src\measurement_single_display_3p_screen\Measurement_Single_Display_3PViewBase.cpp">
      <Filter>Source Files\generated\gui_generated\measurement_single_display_3p_screen</Filter>
    </ClCompile>
    <ClCompile Include="..\..\gui\src\shutting_off_screen\Shutting_OffPresenter.cpp">
      <Filter>Source Files\gui\shutting_off_screen</Filter>
    </ClCompile>
    <ClCompile Include="..\..\gui\src\shutting_off_screen\Shutting_OffView.cpp">
      <Filter>Source Files\gui\shutting_off_screen</Filter>
    </ClCompile>
    <ClCompile Include="..\..\generated\gui_generated\src\shutting_off_screen\Shutting_OffViewBase.cpp">
      <Filter>Source Files\generated\gui_generated\shutting_off_screen</Filter>
    </ClCompile>
    <ClCompile Include="..\..\gui\src\measurement_accurate_display_screen\Measurement_Accurate_DisplayView.cpp">
      <Filter>Source Files\gui\measurement_accurate_display_screen</Filter>
    </ClCompile>
    <ClCompile Include="..\..\generated\gui_generated\src\measurement_accurate_display_screen\Measurement_Accurate_DisplayViewBase.cpp">
      <Filter>Source Files\generated\gui_generated\measurement_accurate_display_screen</Filter>
    </ClCompile>
    <ClCompile Include="..\..\gui\src\measurement_accurate_display_2_screen\Measurement_Accurate_Display_2Presenter.cpp">
      <Filter>Source Files\gui\measurement_accurate_display_2_screen</Filter>
    </ClCompile>
    <ClCompile Include="..\..\gui\src\measurement_accurate_display_2_screen\Measurement_Accurate_Display_2View.cpp">
      <Filter>Source Files\gui\measurement_accurate_display_2_screen</Filter>
    </ClCompile>
    <ClCompile Include="..\..\generated\gui_generated\src\measurement_accurate_display_2_screen\Measurement_Accurate_Display_2ViewBase.cpp">
      <Filter>Source Files\generated\gui_generated\measurement_accurate_display_2_screen</Filter>
    </ClCompile>
    <ClCompile Include="..\..\gui\src\calibration_pad_screen\Calibration_PadPresenter.cpp">
      <Filter>Source Files\gui\calibration_pad_screen</Filter>
    </ClCompile>
    <ClCompile Include="..\..\gui\src\calibration_pad_screen\Calibration_PadView.cpp">
      <Filter>Source Files\gui\calibration_pad_screen</Filter>
    </ClCompile>
    <ClCompile Include="..\..\generated\gui_generated\src\calibration_pad_screen\Calibration_PadViewBase.cpp">
      <Filter>Source Files\generated\gui_generated\calibration_pad_screen</Filter>
    </ClCompile>
    <ClCompile Include="..\..\gui\src\calibration_hall_screen\Calibration_HallPresenter.cpp">
      <Filter>Source Files\gui\calibration_hall_screen</Filter>
    </ClCompile>
    <ClCompile Include="..\..\gui\src\calibration_hall_screen\Calibration_HallView.cpp">
      <Filter>Source Files\gui\calibration_hall_screen</Filter>
    </ClCompile>
    <ClCompile Include="..\..\generated\gui_generated\src\calibration_hall_screen\Calibration_HallViewBase.cpp">
      <Filter>Source Files\generated\gui_generated\calibration_hall_screen</Filter>
    </ClCompile>
  </ItemGroup>
  <ItemGroup>
    <None Include="$(ApplicationRoot)\assets\texts\texts.xml">
      <Filter>Resource Files\assets\texts</Filter>
    </None>
    <None Include="$(ApplicationRoot)\config\msvs\Application.props">
      <Filter>Resource Files\config\msvs</Filter>
    </None>
  </ItemGroup>
  <ItemGroup>
    <ClInclude Include="$(TouchGFXReleasePath)\framework\include\common\AbstractPartition.hpp">
      <Filter>Header Files\TouchGFX\common</Filter>
    </ClInclude>
    <ClInclude Include="$(TouchGFXReleasePath)\framework\include\common\Meta.hpp">
      <Filter>Header Files\TouchGFX\common</Filter>
    </ClInclude>
    <ClInclude Include="$(TouchGFXReleasePath)\framework\include\common\Partition.hpp">
      <Filter>Header Files\TouchGFX\common</Filter>
    </ClInclude>
    <ClInclude Include="$(TouchGFXReleasePath)\framework\include\common\TouchGFXInit.hpp">
      <Filter>Header Files\TouchGFX\common</Filter>
    </ClInclude>
    <ClInclude Include="$(TouchGFXReleasePath)\framework\include\mvp\MVPApplication.hpp">
      <Filter>Header Files\TouchGFX\mvp</Filter>
    </ClInclude>
    <ClInclude Include="$(TouchGFXReleasePath)\framework\include\mvp\MVPHeap.hpp">
      <Filter>Header Files\TouchGFX\mvp</Filter>
    </ClInclude>
    <ClInclude Include="$(TouchGFXReleasePath)\framework\include\mvp\Presenter.hpp">
      <Filter>Header Files\TouchGFX\mvp</Filter>
    </ClInclude>
    <ClInclude Include="$(TouchGFXReleasePath)\framework\include\mvp\View.hpp">
      <Filter>Header Files\TouchGFX\mvp</Filter>
    </ClInclude>
    <ClInclude Include="$(TouchGFXReleasePath)\framework\include\platform\driver\lcd\LCD16bpp.hpp">
      <Filter>Header Files\TouchGFX\platform\driver\lcd</Filter>
    </ClInclude>
    <ClInclude Include="$(TouchGFXReleasePath)\framework\include\platform\driver\lcd\LCD1bpp.hpp">
      <Filter>Header Files\TouchGFX\platform\driver\lcd</Filter>
    </ClInclude>
    <ClInclude Include="$(TouchGFXReleasePath)\framework\include\platform\driver\lcd\LCD24bpp.hpp">
      <Filter>Header Files\TouchGFX\platform\driver\lcd</Filter>
    </ClInclude>
    <ClInclude Include="$(TouchGFXReleasePath)\framework\include\platform\driver\lcd\LCD2bpp.hpp">
      <Filter>Header Files\TouchGFX\platform\driver\lcd</Filter>
    </ClInclude>
    <ClInclude Include="$(TouchGFXReleasePath)\framework\include\platform\driver\lcd\LCD4bpp.hpp">
      <Filter>Header Files\TouchGFX\platform\driver\lcd</Filter>
    </ClInclude>
    <ClInclude Include="$(TouchGFXReleasePath)\framework\include\platform\driver\touch\SDL2TouchController.hpp">
      <Filter>Header Files\TouchGFX\platform\driver\touch</Filter>
    </ClInclude>
    <ClInclude Include="$(TouchGFXReleasePath)\framework\include\platform\hal\simulator\sdl2\HALSDL2.hpp">
      <Filter>Header Files\TouchGFX\platform\hal\simulator\sdl2</Filter>
    </ClInclude>
    <ClInclude Include="$(TouchGFXReleasePath)\framework\include\touchgfx\Application.hpp">
      <Filter>Header Files\TouchGFX\touchgfx</Filter>
    </ClInclude>
    <ClInclude Include="$(TouchGFXReleasePath)\framework\include\touchgfx\Bitmap.hpp">
      <Filter>Header Files\TouchGFX\touchgfx</Filter>
    </ClInclude>
    <ClInclude Include="$(TouchGFXReleasePath)\framework\include\touchgfx\Callback.hpp">
      <Filter>Header Files\TouchGFX\touchgfx</Filter>
    </ClInclude>
    <ClInclude Include="$(TouchGFXReleasePath)\framework\include\touchgfx\canvas_widget_renderer\CanvasWidgetRenderer.hpp">
      <Filter>Header Files\TouchGFX\touchgfx\canvas_widget_renderer</Filter>
    </ClInclude>
    <ClInclude Include="$(TouchGFXReleasePath)\framework\include\touchgfx\canvas_widget_renderer\Cell.hpp">
      <Filter>Header Files\TouchGFX\touchgfx\canvas_widget_renderer</Filter>
    </ClInclude>
    <ClInclude Include="$(TouchGFXReleasePath)\framework\include\touchgfx\canvas_widget_renderer\Outline.hpp">
      <Filter>Header Files\TouchGFX\touchgfx\canvas_widget_renderer</Filter>
    </ClInclude>
    <ClInclude Include="$(TouchGFXReleasePath)\framework\include\touchgfx\canvas_widget_renderer\Rasterizer.hpp">
      <Filter>Header Files\TouchGFX\touchgfx\canvas_widget_renderer</Filter>
    </ClInclude>
    <ClInclude Include="$(TouchGFXReleasePath)\framework\include\touchgfx\canvas_widget_renderer\Renderer.hpp">
      <Filter>Header Files\TouchGFX\touchgfx\canvas_widget_renderer</Filter>
    </ClInclude>
    <ClInclude Include="$(TouchGFXReleasePath)\framework\include\touchgfx\canvas_widget_renderer\RenderingBuffer.hpp">
      <Filter>Header Files\TouchGFX\touchgfx\canvas_widget_renderer</Filter>
    </ClInclude>
    <ClInclude Include="$(TouchGFXReleasePath)\framework\include\touchgfx\canvas_widget_renderer\RGBA8.hpp">
      <Filter>Header Files\TouchGFX\touchgfx\canvas_widget_renderer</Filter>
    </ClInclude>
    <ClInclude Include="$(TouchGFXReleasePath)\framework\include\touchgfx\canvas_widget_renderer\Scanline.hpp">
      <Filter>Header Files\TouchGFX\touchgfx\canvas_widget_renderer</Filter>
    </ClInclude>
    <ClInclude Include="$(TouchGFXReleasePath)\framework\include\touchgfx\Color.hpp">
      <Filter>Header Files\TouchGFX\touchgfx</Filter>
    </ClInclude>
    <ClInclude Include="$(TouchGFXReleasePath)\framework\include\touchgfx\ConstFont.hpp">
      <Filter>Header Files\TouchGFX\touchgfx</Filter>
    </ClInclude>
    <ClInclude Include="$(TouchGFXReleasePath)\framework\include\touchgfx\containers\clock\AbstractClock.hpp">
      <Filter>Header Files\TouchGFX\touchgfx\containers\clock</Filter>
    </ClInclude>
    <ClInclude Include="$(TouchGFXReleasePath)\framework\include\touchgfx\containers\clock\AnalogClock.hpp">
      <Filter>Header Files\TouchGFX\touchgfx\containers\clock</Filter>
    </ClInclude>
    <ClInclude Include="$(TouchGFXReleasePath)\framework\include\touchgfx\containers\clock\DigitalClock.hpp">
      <Filter>Header Files\TouchGFX\touchgfx\containers\clock</Filter>
    </ClInclude>
    <ClInclude Include="$(TouchGFXReleasePath)\framework\include\touchgfx\containers\Container.hpp">
      <Filter>Header Files\TouchGFX\touchgfx\containers</Filter>
    </ClInclude>
    <ClInclude Include="$(TouchGFXReleasePath)\framework\include\touchgfx\containers\ListLayout.hpp">
      <Filter>Header Files\TouchGFX\touchgfx\containers</Filter>
    </ClInclude>
    <ClInclude Include="$(TouchGFXReleasePath)\framework\include\touchgfx\containers\ModalWindow.hpp">
      <Filter>Header Files\TouchGFX\touchgfx\containers</Filter>
    </ClInclude>
    <ClInclude Include="$(TouchGFXReleasePath)\framework\include\touchgfx\containers\progress_indicators\AbstractDirectionProgress.hpp">
      <Filter>Header Files\TouchGFX\touchgfx\containers\progress_indicators</Filter>
    </ClInclude>
    <ClInclude Include="$(TouchGFXReleasePath)\framework\include\touchgfx\containers\progress_indicators\AbstractProgressIndicator.hpp">
      <Filter>Header Files\TouchGFX\touchgfx\containers\progress_indicators</Filter>
    </ClInclude>
    <ClInclude Include="$(TouchGFXReleasePath)\framework\include\touchgfx\containers\progress_indicators\BoxProgress.hpp">
      <Filter>Header Files\TouchGFX\touchgfx\containers\progress_indicators</Filter>
    </ClInclude>
    <ClInclude Include="$(TouchGFXReleasePath)\framework\include\touchgfx\containers\progress_indicators\CircleProgress.hpp">
      <Filter>Header Files\TouchGFX\touchgfx\containers\progress_indicators</Filter>
    </ClInclude>
    <ClInclude Include="$(TouchGFXReleasePath)\framework\include\touchgfx\containers\progress_indicators\ImageProgress.hpp">
      <Filter>Header Files\TouchGFX\touchgfx\containers\progress_indicators</Filter>
    </ClInclude>
    <ClInclude Include="$(TouchGFXReleasePath)\framework\include\touchgfx\containers\progress_indicators\LineProgress.hpp">
      <Filter>Header Files\TouchGFX\touchgfx\containers\progress_indicators</Filter>
    </ClInclude>
    <ClInclude Include="$(TouchGFXReleasePath)\framework\include\touchgfx\containers\progress_indicators\TextProgress.hpp">
      <Filter>Header Files\TouchGFX\touchgfx\containers\progress_indicators</Filter>
    </ClInclude>
    <ClInclude Include="$(TouchGFXReleasePath)\framework\include\touchgfx\containers\ScrollableContainer.hpp">
      <Filter>Header Files\TouchGFX\touchgfx\containers</Filter>
    </ClInclude>
    <ClInclude Include="$(TouchGFXReleasePath)\framework\include\touchgfx\containers\SlideMenu.hpp">
      <Filter>Header Files\TouchGFX\touchgfx\containers</Filter>
    </ClInclude>
    <ClInclude Include="$(TouchGFXReleasePath)\framework\include\touchgfx\containers\Slider.hpp">
      <Filter>Header Files\TouchGFX\touchgfx\containers</Filter>
    </ClInclude>
    <ClInclude Include="$(TouchGFXReleasePath)\framework\include\touchgfx\containers\ZoomAnimationImage.hpp">
      <Filter>Header Files\TouchGFX\touchgfx\containers</Filter>
    </ClInclude>
    <ClInclude Include="$(TouchGFXReleasePath)\framework\include\touchgfx\Drawable.hpp">
      <Filter>Header Files\TouchGFX\touchgfx</Filter>
    </ClInclude>
    <ClInclude Include="$(TouchGFXReleasePath)\framework\include\touchgfx\EasingEquations.hpp">
      <Filter>Header Files\TouchGFX\touchgfx</Filter>
    </ClInclude>
    <ClInclude Include="$(TouchGFXReleasePath)\framework\include\touchgfx\Event.hpp">
      <Filter>Header Files\TouchGFX\touchgfx</Filter>
    </ClInclude>
    <ClInclude Include="$(TouchGFXReleasePath)\framework\include\touchgfx\events\ClickEvent.hpp">
      <Filter>Header Files\TouchGFX\touchgfx\events</Filter>
    </ClInclude>
    <ClInclude Include="$(TouchGFXReleasePath)\framework\include\touchgfx\events\DragEvent.hpp">
      <Filter>Header Files\TouchGFX\touchgfx\events</Filter>
    </ClInclude>
    <ClInclude Include="$(TouchGFXReleasePath)\framework\include\touchgfx\events\GestureEvent.hpp">
      <Filter>Header Files\TouchGFX\touchgfx\events</Filter>
    </ClInclude>
    <ClInclude Include="$(TouchGFXReleasePath)\framework\include\touchgfx\Font.hpp">
      <Filter>Header Files\TouchGFX\touchgfx</Filter>
    </ClInclude>
    <ClInclude Include="$(TouchGFXReleasePath)\framework\include\touchgfx\FontManager.hpp">
      <Filter>Header Files\TouchGFX\touchgfx</Filter>
    </ClInclude>
    <ClInclude Include="$(TouchGFXReleasePath)\framework\include\touchgfx\hal\Atomic.hpp">
      <Filter>Header Files\TouchGFX\touchgfx\hal</Filter>
    </ClInclude>
    <ClInclude Include="$(TouchGFXReleasePath)\framework\include\touchgfx\hal\BlitOp.hpp">
      <Filter>Header Files\TouchGFX\touchgfx\hal</Filter>
    </ClInclude>
    <ClInclude Include="$(TouchGFXReleasePath)\framework\include\touchgfx\hal\BoardConfiguration.hpp">
      <Filter>Header Files\TouchGFX\touchgfx\hal</Filter>
    </ClInclude>
    <ClInclude Include="$(TouchGFXReleasePath)\framework\include\touchgfx\hal\Buttons.hpp">
      <Filter>Header Files\TouchGFX\touchgfx\hal</Filter>
    </ClInclude>
    <ClInclude Include="$(TouchGFXReleasePath)\framework\include\touchgfx\hal\Config.hpp">
      <Filter>Header Files\TouchGFX\touchgfx\hal</Filter>
    </ClInclude>
    <ClInclude Include="$(TouchGFXReleasePath)\framework\include\touchgfx\hal\DMA.hpp">
      <Filter>Header Files\TouchGFX\touchgfx\hal</Filter>
    </ClInclude>
    <ClInclude Include="$(TouchGFXReleasePath)\framework\include\touchgfx\hal\Gestures.hpp">
      <Filter>Header Files\TouchGFX\touchgfx\hal</Filter>
    </ClInclude>
    <ClInclude Include="$(TouchGFXReleasePath)\framework\include\touchgfx\hal\GPIO.hpp">
      <Filter>Header Files\TouchGFX\touchgfx\hal</Filter>
    </ClInclude>
    <ClInclude Include="$(TouchGFXReleasePath)\framework\include\touchgfx\hal\HAL.hpp">
      <Filter>Header Files\TouchGFX\touchgfx\hal</Filter>
    </ClInclude>
    <ClInclude Include="$(TouchGFXReleasePath)\framework\include\touchgfx\hal\LED.hpp">
      <Filter>Header Files\TouchGFX\touchgfx\hal</Filter>
    </ClInclude>
    <ClInclude Include="$(TouchGFXReleasePath)\framework\include\touchgfx\hal\NoDMA.hpp">
      <Filter>Header Files\TouchGFX\touchgfx\hal</Filter>
    </ClInclude>
    <ClInclude Include="$(TouchGFXReleasePath)\framework\include\touchgfx\hal\OSWrappers.hpp">
      <Filter>Header Files\TouchGFX\touchgfx\hal</Filter>
    </ClInclude>
    <ClInclude Include="$(TouchGFXReleasePath)\framework\include\touchgfx\hal\Types.hpp">
      <Filter>Header Files\TouchGFX\touchgfx\hal</Filter>
    </ClInclude>
    <ClInclude Include="$(TouchGFXReleasePath)\framework\include\touchgfx\InternalFlashFont.hpp">
      <Filter>Header Files\TouchGFX\touchgfx</Filter>
    </ClInclude>
    <ClInclude Include="$(TouchGFXReleasePath)\framework\include\touchgfx\JSMOCHelper.hpp">
      <Filter>Header Files\TouchGFX\touchgfx</Filter>
    </ClInclude>
    <ClInclude Include="$(TouchGFXReleasePath)\framework\include\touchgfx\lcd\LCD.hpp">
      <Filter>Header Files\TouchGFX\touchgfx\lcd</Filter>
    </ClInclude>
    <ClInclude Include="$(TouchGFXReleasePath)\framework\include\touchgfx\Math3D.hpp">
      <Filter>Header Files\TouchGFX\touchgfx</Filter>
    </ClInclude>
    <ClInclude Include="$(TouchGFXReleasePath)\framework\include\touchgfx\mixins\ClickListener.hpp">
      <Filter>Header Files\TouchGFX\touchgfx\mixins</Filter>
    </ClInclude>
    <ClInclude Include="$(TouchGFXReleasePath)\framework\include\touchgfx\mixins\Draggable.hpp">
      <Filter>Header Files\TouchGFX\touchgfx\mixins</Filter>
    </ClInclude>
    <ClInclude Include="$(TouchGFXReleasePath)\framework\include\touchgfx\mixins\FadeAnimator.hpp">
      <Filter>Header Files\TouchGFX\touchgfx\mixins</Filter>
    </ClInclude>
    <ClInclude Include="$(TouchGFXReleasePath)\framework\include\touchgfx\mixins\MoveAnimator.hpp">
      <Filter>Header Files\TouchGFX\touchgfx\mixins</Filter>
    </ClInclude>
    <ClInclude Include="$(TouchGFXReleasePath)\framework\include\touchgfx\mixins\PreRenderable.hpp">
      <Filter>Header Files\TouchGFX\touchgfx\mixins</Filter>
    </ClInclude>
    <ClInclude Include="$(TouchGFXReleasePath)\framework\include\touchgfx\mixins\Snapper.hpp">
      <Filter>Header Files\TouchGFX\touchgfx\mixins</Filter>
    </ClInclude>
    <ClInclude Include="$(TouchGFXReleasePath)\framework\include\touchgfx\Screen.hpp">
      <Filter>Header Files\TouchGFX\touchgfx</Filter>
    </ClInclude>
    <ClInclude Include="$(TouchGFXReleasePath)\framework\include\touchgfx\TextProvider.hpp">
      <Filter>Header Files\TouchGFX\touchgfx</Filter>
    </ClInclude>
    <ClInclude Include="$(TouchGFXReleasePath)\framework\include\touchgfx\Texts.hpp">
      <Filter>Header Files\TouchGFX\touchgfx</Filter>
    </ClInclude>
    <ClInclude Include="$(TouchGFXReleasePath)\framework\include\touchgfx\TextureMapTypes.hpp">
      <Filter>Header Files\TouchGFX\touchgfx</Filter>
    </ClInclude>
    <ClInclude Include="$(TouchGFXReleasePath)\framework\include\touchgfx\transforms\DisplayTransformation.hpp">
      <Filter>Header Files\TouchGFX\touchgfx\transforms</Filter>
    </ClInclude>
    <ClInclude Include="$(TouchGFXReleasePath)\framework\include\touchgfx\transforms\TouchCalibration.hpp">
      <Filter>Header Files\TouchGFX\touchgfx\transforms</Filter>
    </ClInclude>
    <ClInclude Include="$(TouchGFXReleasePath)\framework\include\touchgfx\transitions\NoTransition.hpp">
      <Filter>Header Files\TouchGFX\touchgfx\transitions</Filter>
    </ClInclude>
    <ClInclude Include="$(TouchGFXReleasePath)\framework\include\touchgfx\transitions\SlideTransition.hpp">
      <Filter>Header Files\TouchGFX\touchgfx\transitions</Filter>
    </ClInclude>
    <ClInclude Include="$(TouchGFXReleasePath)\framework\include\touchgfx\transitions\Transition.hpp">
      <Filter>Header Files\TouchGFX\touchgfx\transitions</Filter>
    </ClInclude>
    <ClInclude Include="$(TouchGFXReleasePath)\framework\include\touchgfx\TypedText.hpp">
      <Filter>Header Files\TouchGFX\touchgfx</Filter>
    </ClInclude>
    <ClInclude Include="$(TouchGFXReleasePath)\framework\include\touchgfx\UIEventListener.hpp">
      <Filter>Header Files\TouchGFX\touchgfx</Filter>
    </ClInclude>
    <ClInclude Include="$(TouchGFXReleasePath)\framework\include\touchgfx\Unicode.hpp">
      <Filter>Header Files\TouchGFX\touchgfx</Filter>
    </ClInclude>
    <ClInclude Include="$(TouchGFXReleasePath)\framework\include\touchgfx\Utils.hpp">
      <Filter>Header Files\TouchGFX\touchgfx</Filter>
    </ClInclude>
    <ClInclude Include="$(TouchGFXReleasePath)\framework\include\touchgfx\widgets\AbstractButton.hpp">
      <Filter>Header Files\TouchGFX\touchgfx\widgets</Filter>
    </ClInclude>
    <ClInclude Include="$(TouchGFXReleasePath)\framework\include\touchgfx\widgets\AnimatedImage.hpp">
      <Filter>Header Files\TouchGFX\touchgfx\widgets</Filter>
    </ClInclude>
    <ClInclude Include="$(TouchGFXReleasePath)\framework\include\touchgfx\widgets\AnimationTextureMapper.hpp">
      <Filter>Header Files\TouchGFX\touchgfx\widgets</Filter>
    </ClInclude>
    <ClInclude Include="$(TouchGFXReleasePath)\framework\include\touchgfx\widgets\Box.hpp">
      <Filter>Header Files\TouchGFX\touchgfx\widgets</Filter>
    </ClInclude>
    <ClInclude Include="$(TouchGFXReleasePath)\framework\include\touchgfx\widgets\Button.hpp">
      <Filter>Header Files\TouchGFX\touchgfx\widgets</Filter>
    </ClInclude>
    <ClInclude Include="$(TouchGFXReleasePath)\framework\include\touchgfx\widgets\ButtonWithIcon.hpp">
      <Filter>Header Files\TouchGFX\touchgfx\widgets</Filter>
    </ClInclude>
    <ClInclude Include="$(TouchGFXReleasePath)\framework\include\touchgfx\widgets\ButtonWithLabel.hpp">
      <Filter>Header Files\TouchGFX\touchgfx\widgets</Filter>
    </ClInclude>
    <ClInclude Include="$(TouchGFXReleasePath)\framework\include\touchgfx\widgets\canvas\AbstractPainter.hpp">
      <Filter>Header Files\TouchGFX\touchgfx\widgets\canvas</Filter>
    </ClInclude>
    <ClInclude Include="$(TouchGFXReleasePath)\framework\include\touchgfx\widgets\canvas\AbstractPainterBW.hpp">
      <Filter>Header Files\TouchGFX\touchgfx\widgets\canvas</Filter>
    </ClInclude>
    <ClInclude Include="$(TouchGFXReleasePath)\framework\include\touchgfx\widgets\canvas\AbstractPainterGRAY2.hpp">
      <Filter>Header Files\TouchGFX\touchgfx\widgets\canvas</Filter>
    </ClInclude>
    <ClInclude Include="$(TouchGFXReleasePath)\framework\include\touchgfx\widgets\canvas\AbstractPainterGRAY4.hpp">
      <Filter>Header Files\TouchGFX\touchgfx\widgets\canvas</Filter>
    </ClInclude>
    <ClInclude Include="$(TouchGFXReleasePath)\framework\include\touchgfx\widgets\canvas\AbstractPainterRGB565.hpp">
      <Filter>Header Files\TouchGFX\touchgfx\widgets\canvas</Filter>
    </ClInclude>
    <ClInclude Include="$(TouchGFXReleasePath)\framework\include\touchgfx\widgets\canvas\AbstractPainterRGB888.hpp">
      <Filter>Header Files\TouchGFX\touchgfx\widgets\canvas</Filter>
    </ClInclude>
    <ClInclude Include="$(TouchGFXReleasePath)\framework\include\touchgfx\widgets\canvas\AbstractShape.hpp">
      <Filter>Header Files\TouchGFX\touchgfx\widgets\canvas</Filter>
    </ClInclude>
    <ClInclude Include="$(TouchGFXReleasePath)\framework\include\touchgfx\widgets\canvas\Canvas.hpp">
      <Filter>Header Files\TouchGFX\touchgfx\widgets\canvas</Filter>
    </ClInclude>
    <ClInclude Include="$(TouchGFXReleasePath)\framework\include\touchgfx\widgets\canvas\CanvasWidget.hpp">
      <Filter>Header Files\TouchGFX\touchgfx\widgets\canvas</Filter>
    </ClInclude>
    <ClInclude Include="$(TouchGFXReleasePath)\framework\include\touchgfx\widgets\canvas\Circle.hpp">
      <Filter>Header Files\TouchGFX\touchgfx\widgets\canvas</Filter>
    </ClInclude>
    <ClInclude Include="$(TouchGFXReleasePath)\framework\include\touchgfx\widgets\canvas\CWRUtil.hpp">
      <Filter>Header Files\TouchGFX\touchgfx\widgets\canvas</Filter>
    </ClInclude>
    <ClInclude Include="$(TouchGFXReleasePath)\framework\include\touchgfx\widgets\canvas\Line.hpp">
      <Filter>Header Files\TouchGFX\touchgfx\widgets\canvas</Filter>
    </ClInclude>
    <ClInclude Include="$(TouchGFXReleasePath)\framework\include\touchgfx\widgets\canvas\PainterBW.hpp">
      <Filter>Header Files\TouchGFX\touchgfx\widgets\canvas</Filter>
    </ClInclude>
    <ClInclude Include="$(TouchGFXReleasePath)\framework\include\touchgfx\widgets\canvas\PainterGRAY2.hpp">
      <Filter>Header Files\TouchGFX\touchgfx\widgets\canvas</Filter>
    </ClInclude>
    <ClInclude Include="$(TouchGFXReleasePath)\framework\include\touchgfx\widgets\canvas\PainterGRAY2Bitmap.hpp">
      <Filter>Header Files\TouchGFX\touchgfx\widgets\canvas</Filter>
    </ClInclude>
    <ClInclude Include="$(TouchGFXReleasePath)\framework\include\touchgfx\widgets\canvas\PainterGRAY4.hpp">
      <Filter>Header Files\TouchGFX\touchgfx\widgets\canvas</Filter>
    </ClInclude>
    <ClInclude Include="$(TouchGFXReleasePath)\framework\include\touchgfx\widgets\canvas\PainterGRAY4Bitmap.hpp">
      <Filter>Header Files\TouchGFX\touchgfx\widgets\canvas</Filter>
    </ClInclude>
    <ClInclude Include="$(TouchGFXReleasePath)\framework\include\touchgfx\widgets\canvas\PainterRGB565.hpp">
      <Filter>Header Files\TouchGFX\touchgfx\widgets\canvas</Filter>
    </ClInclude>
    <ClInclude Include="$(TouchGFXReleasePath)\framework\include\touchgfx\widgets\canvas\PainterRGB565Bitmap.hpp">
      <Filter>Header Files\TouchGFX\touchgfx\widgets\canvas</Filter>
    </ClInclude>
    <ClInclude Include="$(TouchGFXReleasePath)\framework\include\touchgfx\widgets\canvas\PainterRGB888.hpp">
      <Filter>Header Files\TouchGFX\touchgfx\widgets\canvas</Filter>
    </ClInclude>
    <ClInclude Include="$(TouchGFXReleasePath)\framework\include\touchgfx\widgets\canvas\PainterRGB888Bitmap.hpp">
      <Filter>Header Files\TouchGFX\touchgfx\widgets\canvas</Filter>
    </ClInclude>
    <ClInclude Include="$(TouchGFXReleasePath)\framework\include\touchgfx\widgets\canvas\Shape.hpp">
      <Filter>Header Files\TouchGFX\touchgfx\widgets\canvas</Filter>
    </ClInclude>
    <ClInclude Include="$(TouchGFXReleasePath)\framework\include\touchgfx\widgets\Image.hpp">
      <Filter>Header Files\TouchGFX\touchgfx\widgets</Filter>
    </ClInclude>
    <ClInclude Include="$(TouchGFXReleasePath)\framework\include\touchgfx\widgets\Keyboard.hpp">
      <Filter>Header Files\TouchGFX\touchgfx\widgets</Filter>
    </ClInclude>
    <ClInclude Include="$(TouchGFXReleasePath)\framework\include\touchgfx\widgets\PixelDataWidget.hpp">
      <Filter>Header Files\TouchGFX\touchgfx\widgets</Filter>
    </ClInclude>
    <ClInclude Include="$(TouchGFXReleasePath)\framework\include\touchgfx\widgets\RadioButton.hpp">
      <Filter>Header Files\TouchGFX\touchgfx\widgets</Filter>
    </ClInclude>
    <ClInclude Include="$(TouchGFXReleasePath)\framework\include\touchgfx\widgets\RadioButtonGroup.hpp">
      <Filter>Header Files\TouchGFX\touchgfx\widgets</Filter>
    </ClInclude>
    <ClInclude Include="$(TouchGFXReleasePath)\framework\include\touchgfx\widgets\RepeatButton.hpp">
      <Filter>Header Files\TouchGFX\touchgfx\widgets</Filter>
    </ClInclude>
    <ClInclude Include="$(TouchGFXReleasePath)\framework\include\touchgfx\widgets\ScalableImage.hpp">
      <Filter>Header Files\TouchGFX\touchgfx\widgets</Filter>
    </ClInclude>
    <ClInclude Include="$(TouchGFXReleasePath)\framework\include\touchgfx\widgets\SnapshotWidget.hpp">
      <Filter>Header Files\TouchGFX\touchgfx\widgets</Filter>
    </ClInclude>
    <ClInclude Include="$(TouchGFXReleasePath)\framework\include\touchgfx\widgets\TextArea.hpp">
      <Filter>Header Files\TouchGFX\touchgfx\widgets</Filter>
    </ClInclude>
    <ClInclude Include="$(TouchGFXReleasePath)\framework\include\touchgfx\widgets\TextAreaWithWildcard.hpp">
      <Filter>Header Files\TouchGFX\touchgfx\widgets</Filter>
    </ClInclude>
    <ClInclude Include="$(TouchGFXReleasePath)\framework\include\touchgfx\widgets\TextureMapper.hpp">
      <Filter>Header Files\TouchGFX\touchgfx\widgets</Filter>
    </ClInclude>
    <ClInclude Include="$(TouchGFXReleasePath)\framework\include\touchgfx\widgets\TiledImage.hpp">
      <Filter>Header Files\TouchGFX\touchgfx\widgets</Filter>
    </ClInclude>
    <ClInclude Include="$(TouchGFXReleasePath)\framework\include\touchgfx\widgets\ToggleButton.hpp">
      <Filter>Header Files\TouchGFX\touchgfx\widgets</Filter>
    </ClInclude>
    <ClInclude Include="$(TouchGFXReleasePath)\framework\include\touchgfx\widgets\TouchArea.hpp">
      <Filter>Header Files\TouchGFX\touchgfx\widgets</Filter>
    </ClInclude>
    <ClInclude Include="$(TouchGFXReleasePath)\framework\include\touchgfx\widgets\Widget.hpp">
      <Filter>Header Files\TouchGFX\touchgfx\widgets</Filter>
    </ClInclude>
    <ClInclude Include="$(ApplicationRoot)\generated\simulator\include\simulator\mainBase.hpp">
      <Filter>Header Files\generated\simulator</Filter>
    </ClInclude>
    <ClInclude Include="..\..\generated\simulator\include\simulator\video\DirectFrameBufferVideoController.hpp">
      <Filter>Header Files\generated\simulator\include\simulator\video</Filter>
    </ClInclude>
    <ClInclude Include="..\..\gui\include\gui\common\FrontendApplication.hpp">
      <Filter>Header Files\gui\common</Filter>
    </ClInclude>
    <ClInclude Include="..\..\generated\gui_generated\include\gui_generated\common\FrontendApplicationBase.hpp">
      <Filter>Header Files\generated\gui_generated\common</Filter>
    </ClInclude>
    <ClInclude Include="..\..\gui\include\gui\common\FrontendHeap.hpp">
      <Filter>Header Files\gui\common</Filter>
    </ClInclude>
    <ClInclude Include="..\..\generated\gui_generated\include\gui_generated\common\FrontendHeapBase.hpp">
      <Filter>Header Files\generated\gui_generated\common</Filter>
    </ClInclude>
    <ClInclude Include="..\..\generated\simulator\include\simulator\video\MJPEGDecoder.hpp">
      <Filter>Header Files\generated\simulator\include\simulator\video</Filter>
    </ClInclude>
    <ClInclude Include="..\..\gui\include\gui\model\Model.hpp">
      <Filter>Header Files\gui\model</Filter>
    </ClInclude>
    <ClInclude Include="..\..\gui\include\gui\model\ModelListener.hpp">
      <Filter>Header Files\gui\model</Filter>
    </ClInclude>
    <ClInclude Include="..\..\generated\gui_generated\include\gui_generated\common\SimConstants.hpp">
      <Filter>Header Files\generated\gui_generated\common</Filter>
    </ClInclude>
    <ClInclude Include="..\..\generated\simulator\include\simulator\video\SoftwareMJPEGDecoder.hpp">
      <Filter>Header Files\generated\simulator\include\simulator\video</Filter>
    </ClInclude>
    <ClInclude Include="..\..\gui\include\gui\main_menu_screen\Main_MenuPresenter.hpp">
      <Filter>Header Files\gui\main_menu_screen</Filter>
    </ClInclude>
    <ClInclude Include="..\..\gui\include\gui\main_menu_screen\Main_MenuView.hpp">
      <Filter>Header Files\gui\main_menu_screen</Filter>
    </ClInclude>
    <ClInclude Include="..\..\generated\gui_generated\include\gui_generated\main_menu_screen\Main_MenuViewBase.hpp">
      <Filter>Header Files\generated\gui_generated\main_menu_screen</Filter>
    </ClInclude>
    <ClInclude Include="..\..\gui\include\gui\measurement_screen\MeasurementPresenter.hpp">
      <Filter>Header Files\gui\measurement_screen</Filter>
    </ClInclude>
    <ClInclude Include="..\..\gui\include\gui\measurement_screen\MeasurementView.hpp">
      <Filter>Header Files\gui\measurement_screen</Filter>
    </ClInclude>
    <ClInclude Include="..\..\generated\gui_generated\include\gui_generated\measurement_screen\MeasurementViewBase.hpp">
      <Filter>Header Files\generated\gui_generated\measurement_screen</Filter>
    </ClInclude>
    <ClInclude Include="..\..\gui\include\gui\calibration_screen\CalibrationPresenter.hpp">
      <Filter>Header Files\gui\calibration_screen</Filter>
    </ClInclude>
    <ClInclude Include="..\..\gui\include\gui\calibration_screen\CalibrationView.hpp">
      <Filter>Header Files\gui\calibration_screen</Filter>
    </ClInclude>
    <ClInclude Include="..\..\generated\gui_generated\include\gui_generated\calibration_screen\CalibrationViewBase.hpp">
      <Filter>Header Files\generated\gui_generated\calibration_screen</Filter>
    </ClInclude>
    <ClInclude Include="..\..\gui\include\gui\project_info_screen\Project_InfoPresenter.hpp">
      <Filter>Header Files\gui\project_info_screen</Filter>
    </ClInclude>
    <ClInclude Include="..\..\gui\include\gui\project_info_screen\Project_InfoView.hpp">
      <Filter>Header Files\gui\project_info_screen</Filter>
    </ClInclude>
    <ClInclude Include="..\..\generated\gui_generated\include\gui_generated\project_info_screen\Project_InfoViewBase.hpp">
      <Filter>Header Files\generated\gui_generated\project_info_screen</Filter>
    </ClInclude>
    <ClInclude Include="..\..\gui\include\gui\measurement_accurate_screen\Measurement_AccuratePresenter.hpp">
      <Filter>Header Files\gui\measurement_accurate_screen</Filter>
    </ClInclude>
    <ClInclude Include="..\..\gui\include\gui\measurement_accurate_screen\Measurement_AccurateView.hpp">
      <Filter>Header Files\gui\measurement_accurate_screen</Filter>
    </ClInclude>
    <ClInclude Include="..\..\generated\gui_generated\include\gui_generated\measurement_accurate_screen\Measurement_AccurateViewBase.hpp">
      <Filter>Header Files\generated\gui_generated\measurement_accurate_screen</Filter>
    </ClInclude>
    <ClInclude Include="..\..\gui\include\gui\measurement_single_screen\Measurement_SinglePresenter.hpp">
      <Filter>Header Files\gui\measurement_single_screen</Filter>
    </ClInclude>
    <ClInclude Include="..\..\gui\include\gui\measurement_single_screen\Measurement_SingleView.hpp">
      <Filter>Header Files\gui\measurement_single_screen</Filter>
    </ClInclude>
    <ClInclude Include="..\..\generated\gui_generated\include\gui_generated\measurement_single_screen\Measurement_SingleViewBase.hpp">
      <Filter>Header Files\generated\gui_generated\measurement_single_screen</Filter>
    </ClInclude>
    <ClInclude Include="..\..\gui\include\gui\measurement_accurate_display_screen\Measurement_Accurate_DisplayPresenter.hpp">
      <Filter>Header Files\gui\measurement_accurate_display_screen</Filter>
    </ClInclude>
    <ClInclude Include="..\..\gui\include\gui\measurement_single_display_1p_screen\Measurement_Single_Display_1PPresenter.hpp">
      <Filter>Header Files\gui\measurement_single_display_1p_screen</Filter>
    </ClInclude>
    <ClInclude Include="..\..\gui\include\gui\measurement_single_display_1p_screen\Measurement_Single_Display_1PView.hpp">
      <Filter>Header Files\gui\measurement_single_display_1p_screen</Filter>
    </ClInclude>
    <ClInclude Include="..\..\generated\gui_generated\include\gui_generated\measurement_single_display_1p_screen\Measurement_Single_Display_1PViewBase.hpp">
      <Filter>Header Files\generated\gui_generated\measurement_single_display_1p_screen</Filter>
    </ClInclude>
    <ClInclude Include="..\..\gui\include\gui\measurement_single_display_3p_screen\Measurement_Single_Display_3PPresenter.hpp">
      <Filter>Header Files\gui\measurement_single_display_3p_screen</Filter>
    </ClInclude>
    <ClInclude Include="..\..\gui\include\gui\measurement_single_display_3p_screen\Measurement_Single_Display_3PView.hpp">
      <Filter>Header Files\gui\measurement_single_display_3p_screen</Filter>
    </ClInclude>
    <ClInclude Include="..\..\generated\gui_generated\include\gui_generated\measurement_single_display_3p_screen\Measurement_Single_Display_3PViewBase.hpp">
      <Filter>Header Files\generated\gui_generated\measurement_single_display_3p_screen</Filter>
    </ClInclude>
    <ClInclude Include="..\..\gui\include\gui\shutting_off_screen\Shutting_OffPresenter.hpp">
      <Filter>Header Files\gui\shutting_off_screen</Filter>
    </ClInclude>
    <ClInclude Include="..\..\gui\include\gui\shutting_off_screen\Shutting_OffView.hpp">
      <Filter>Header Files\gui\shutting_off_screen</Filter>
    </ClInclude>
    <ClInclude Include="..\..\generated\gui_generated\include\gui_generated\shutting_off_screen\Shutting_OffViewBase.hpp">
      <Filter>Header Files\generated\gui_generated\shutting_off_screen</Filter>
    </ClInclude>
    <ClInclude Include="..\..\gui\include\gui\measurement_accurate_display_screen\Measurement_Accurate_DisplayView.hpp">
      <Filter>Header Files\gui\measurement_accurate_display_screen</Filter>
    </ClInclude>
    <ClInclude Include="..\..\generated\gui_generated\include\gui_generated\measurement_accurate_display_screen\Measurement_Accurate_DisplayViewBase.hpp">
      <Filter>Header Files\generated\gui_generated\measurement_accurate_display_screen</Filter>
    </ClInclude>
    <ClInclude Include="..\..\gui\include\gui\measurement_accurate_display_2_screen\Measurement_Accurate_Display_2Presenter.hpp">
      <Filter>Header Files\gui\measurement_accurate_display_2_screen</Filter>
    </ClInclude>
    <ClInclude Include="..\..\gui\include\gui\measurement_accurate_display_2_screen\Measurement_Accurate_Display_2View.hpp">
      <Filter>Header Files\gui\measurement_accurate_display_2_screen</Filter>
    </ClInclude>
    <ClInclude Include="..\..\generated\gui_generated\include\gui_generated\measurement_accurate_display_2_screen\Measurement_Accurate_Display_2ViewBase.hpp">
      <Filter>Header Files\generated\gui_generated\measurement_accurate_display_2_screen</Filter>
    </ClInclude>
    <ClInclude Include="..\..\gui\include\gui\calibration_pad_screen\Calibration_PadPresenter.hpp">
      <Filter>Header Files\gui\calibration_pad_screen</Filter>
    </ClInclude>
    <ClInclude Include="..\..\gui\include\gui\calibration_pad_screen\Calibration_PadView.hpp">
      <Filter>Header Files\gui\calibration_pad_screen</Filter>
    </ClInclude>
    <ClInclude Include="..\..\generated\gui_generated\include\gui_generated\calibration_pad_screen\Calibration_PadViewBase.hpp">
      <Filter>Header Files\generated\gui_generated\calibration_pad_screen</Filter>
    </ClInclude>
    <ClInclude Include="..\..\gui\include\gui\calibration_hall_screen\Calibration_HallPresenter.hpp">
      <Filter>Header Files\gui\calibration_hall_screen</Filter>
    </ClInclude>
    <ClInclude Include="..\..\gui\include\gui\calibration_hall_screen\Calibration_HallView.hpp">
      <Filter>Header Files\gui\calibration_hall_screen</Filter>
    </ClInclude>
    <ClInclude Include="..\..\generated\gui_generated\include\gui_generated\calibration_hall_screen\Calibration_HallViewBase.hpp">
      <Filter>Header Files\generated\gui_generated\calibration_hall_screen</Filter>
    </ClInclude>
    <ClInclude Include="..\..\gui\include\gui\containers\Configuration_Container.hpp">
      <Filter>Header Files\gui\containers</Filter>
    </ClInclude>
  </ItemGroup>
  <ItemGroup>
    <ResourceCompile Include="$(ApplicationRoot)\generated\simulator\touchgfx.rc">
      <Filter>Resource Files</Filter>
    </ResourceCompile>
  </ItemGroup>
</Project>
